
Microsoft Visual Studio Solution File, Format Version 12.00
# Visual Studio 2012
Project("{FAE04EC0-301F-11D3-BF4B-00C04F79EFBC}") = "RoboAPI", "RoboAPI\RoboAPI.csproj", "{0080C39C-4C26-49CD-8D0B-DADC6DEFC302}"
EndProject
Global
	GlobalSection(SolutionConfigurationPlatforms) = preSolution
		Debug|Any CPU = Debug|Any CPU
		Release|Any CPU = Release|Any CPU
	EndGlobalSection
	GlobalSection(ProjectConfigurationPlatforms) = postSolution
		{0080C39C-4C26-49CD-8D0B-DADC6DEFC302}.Debug|Any CPU.ActiveCfg = Debug|Any CPU
		{0080C39C-4C26-49CD-8D0B-DADC6DEFC302}.Debug|Any CPU.Build.0 = Debug|Any CPU
		{0080C39C-4C26-49CD-8D0B-DADC6DEFC302}.Release|Any CPU.ActiveCfg = Release|Any CPU
		{0080C39C-4C26-49CD-8D0B-DADC6DEFC302}.Release|Any CPU.Build.0 = Release|Any CPU
	EndGlobalSection
	GlobalSection(SolutionProperties) = preSolution
		HideSolutionNode = FALSE
	EndGlobalSection
EndGlobal
